
Microsoft Visual Studio Solution File, Format Version 12.00
# Visual Studio Version 17
VisualStudioVersion = 17.2.32616.157
MinimumVisualStudioVersion = 10.0.40219.1
Project("{9A19103F-16F7-4668-BE54-9A1E7A4F7556}") = "MFex.Zoo.Domain", "MFex.Zoo.Domain\MFex.Zoo.Domain.csproj", "{681B6051-74DE-4856-B9F6-5D260CFE895F}"
EndProject
Project("{9A19103F-16F7-4668-BE54-9A1E7A4F7556}") = "MFex.Zoo.Infrastructure", "MFex.Zoo.Infrastructure\MFex.Zoo.Infrastructure.csproj", "{36829C98-0096-415F-AFEC-785961D6356D}"
EndProject
Project("{2150E333-8FDC-42A3-9474-1A3956D46DE8}") = "tests", "tests", "{CA124AB9-0B7A-4775-AC9C-C7E68CA447BC}"
EndProject
Project("{9A19103F-16F7-4668-BE54-9A1E7A4F7556}") = "MFex.Zoo.UnitTests", "tests\MFex.Zoo.UnitTests\MFex.Zoo.UnitTests.csproj", "{C28BC0C4-9168-488E-8C09-3E79FB775FF6}"
EndProject
Project("{9A19103F-16F7-4668-BE54-9A1E7A4F7556}") = "MFex.Zoo.Application", "MFex.Zoo.Application\MFex.Zoo.Application.csproj", "{37D5AE65-E9AC-4568-9D30-3C7B26D6CF92}"
EndProject
Project("{FAE04EC0-301F-11D3-BF4B-00C04F79EFBC}") = "MFex.Zoo.Api", "MFex.Zoo.Api\MFex.Zoo.Api.csproj", "{2524F294-5B01-46C7-B45A-F84B30B7A8F6}"
EndProject
Global
	GlobalSection(SolutionConfigurationPlatforms) = preSolution
		Debug|Any CPU = Debug|Any CPU
		Release|Any CPU = Release|Any CPU
	EndGlobalSection
	GlobalSection(ProjectConfigurationPlatforms) = postSolution
		{681B6051-74DE-4856-B9F6-5D260CFE895F}.Debug|Any CPU.ActiveCfg = Debug|Any CPU
		{681B6051-74DE-4856-B9F6-5D260CFE895F}.Debug|Any CPU.Build.0 = Debug|Any CPU
		{681B6051-74DE-4856-B9F6-5D260CFE895F}.Release|Any CPU.ActiveCfg = Release|Any CPU
		{681B6051-74DE-4856-B9F6-5D260CFE895F}.Release|Any CPU.Build.0 = Release|Any CPU
		{36829C98-0096-415F-AFEC-785961D6356D}.Debug|Any CPU.ActiveCfg = Debug|Any CPU
		{36829C98-0096-415F-AFEC-785961D6356D}.Debug|Any CPU.Build.0 = Debug|Any CPU
		{36829C98-0096-415F-AFEC-785961D6356D}.Release|Any CPU.ActiveCfg = Release|Any CPU
		{36829C98-0096-415F-AFEC-785961D6356D}.Release|Any CPU.Build.0 = Release|Any CPU
		{C28BC0C4-9168-488E-8C09-3E79FB775FF6}.Debug|Any CPU.ActiveCfg = Debug|Any CPU
		{C28BC0C4-9168-488E-8C09-3E79FB775FF6}.Debug|Any CPU.Build.0 = Debug|Any CPU
		{C28BC0C4-9168-488E-8C09-3E79FB775FF6}.Release|Any CPU.ActiveCfg = Release|Any CPU
		{C28BC0C4-9168-488E-8C09-3E79FB775FF6}.Release|Any CPU.Build.0 = Release|Any CPU
		{37D5AE65-E9AC-4568-9D30-3C7B26D6CF92}.Debug|Any CPU.ActiveCfg = Debug|Any CPU
		{37D5AE65-E9AC-4568-9D30-3C7B26D6CF92}.Debug|Any CPU.Build.0 = Debug|Any CPU
		{37D5AE65-E9AC-4568-9D30-3C7B26D6CF92}.Release|Any CPU.ActiveCfg = Release|Any CPU
		{37D5AE65-E9AC-4568-9D30-3C7B26D6CF92}.Release|Any CPU.Build.0 = Release|Any CPU
		{2524F294-5B01-46C7-B45A-F84B30B7A8F6}.Debug|Any CPU.ActiveCfg = Debug|Any CPU
		{2524F294-5B01-46C7-B45A-F84B30B7A8F6}.Debug|Any CPU.Build.0 = Debug|Any CPU
		{2524F294-5B01-46C7-B45A-F84B30B7A8F6}.Release|Any CPU.ActiveCfg = Release|Any CPU
		{2524F294-5B01-46C7-B45A-F84B30B7A8F6}.Release|Any CPU.Build.0 = Release|Any CPU
	EndGlobalSection
	GlobalSection(SolutionProperties) = preSolution
		HideSolutionNode = FALSE
	EndGlobalSection
	GlobalSection(NestedProjects) = preSolution
		{C28BC0C4-9168-488E-8C09-3E79FB775FF6} = {CA124AB9-0B7A-4775-AC9C-C7E68CA447BC}
	EndGlobalSection
	GlobalSection(ExtensibilityGlobals) = postSolution
		SolutionGuid = {D2A9952E-36CB-4462-959B-4E17FF74BDBB}
	EndGlobalSection
EndGlobal
